{
  "pins" : [
    {
      "identity" : "aloestackview",
      "kind" : "remoteSourceControl",
      "location" : "https://github.com/marlimox/AloeStackView",
      "state" : {
        "revision" : "28ef1e50cef1eb38512fae67eb45ddc508f9a9f8",
        "version" : "1.2.0"
      }
    },
    {
      "identity" : "keychain-swift",
      "kind" : "remoteSourceControl",
      "location" : "https://github.com/evgenyneu/keychain-swift.git",
      "state" : {
        "revision" : "d108a1fa6189e661f91560548ef48651ed8d93b9",
        "version" : "20.0.0"
      }
    },
    {
      "identity" : "rxswift",
      "kind" : "remoteSourceControl",
      "location" : "https://github.com/ReactiveX/RxSwift.git",
      "state" : {
        "revision" : "b4307ba0b6425c0ba4178e138799946c3da594f8",
        "version" : "6.5.0"
      }
    },
    {
      "identity" : "skeletonview",
      "kind" : "remoteSourceControl",
      "location" : "https://github.com/Juanpe/SkeletonView",
      "state" : {
        "revision" : "ca7d2edceee613e47b7857029fc82de633460e6f",
        "version" : "1.30.2"
      }
    },
    {
      "identity" : "tinyconstraints",
      "kind" : "remoteSourceControl",
      "location" : "https://github.com/roberthein/TinyConstraints",
      "state" : {
        "revision" : "3262e5c591d4ab6272255df2087a01bbebd138dc",
        "version" : "4.0.2"
      }
    },
    {
      "identity" : "toast-swift",
      "kind" : "remoteSourceControl",
      "location" : "https://github.com/scalessec/Toast-Swift",
      "state" : {
        "revision" : "0c9493eeacb102cc614da385cfaaf475379f4ab4",
        "version" : "5.0.1"
      }
    },
    {
      "identity" : "uicodekit",
      "kind" : "remoteSourceControl",
      "location" : "https://github.com/vafreitas/UICodeKit",
      "state" : {
        "revision" : "ab9c3eaf389caaf1f1432a4266bf36d9196385ee",
        "version" : "1.0.9"
      }
    },
    {
      "identity" : "vfnetwork",
      "kind" : "remoteSourceControl",
      "location" : "https://github.com/vafreitas/VFNetwork",
      "state" : {
        "branch" : "beta/1.4.5",
        "revision" : "eb39b722debbcec578e440811c5c86b26f456402"
      }
    },
    {
      "identity" : "xcoordinator",
      "kind" : "remoteSourceControl",
      "location" : "https://github.com/QuickBirdEng/XCoordinator",
      "state" : {
        "revision" : "eb6edf701434c3a9d7460009298cf35575b96ed5",
        "version" : "2.2.0"
      }
    }
  ],
  "version" : 2
}
