// !$*UTF8*$!
{
	archiveVersion = 1;
	classes = {
	};
	objectVersion = 56;
	objects = {

/* Begin PBXBuildFile section */
		C3031BD428E13B7800034765 /* UIView+Extensions.swift in Sources */ = {isa = PBXBuildFile; fileRef = C3031BD328E13B7800034765 /* UIView+Extensions.swift */; };
		C3031BD728E13C9700034765 /* HomeService.swift in Sources */ = {isa = PBXBuildFile; fileRef = C3031BD628E13C9700034765 /* HomeService.swift */; };
		C3031BD928E13C9D00034765 /* HomeAPI.swift in Sources */ = {isa = PBXBuildFile; fileRef = C3031BD828E13C9D00034765 /* HomeAPI.swift */; };
		C3031BDC28E13D8400034765 /* BalanceModel.swift in Sources */ = {isa = PBXBuildFile; fileRef = C3031BDB28E13D8400034765 /* BalanceModel.swift */; };
		C3031BE028E140B200034765 /* HomeModel.swift in Sources */ = {isa = PBXBuildFile; fileRef = C3031BDF28E140B200034765 /* HomeModel.swift */; };
		C362A63E28DE66DB00889CF7 /* XCoordinator in Frameworks */ = {isa = PBXBuildFile; productRef = C362A63D28DE66DB00889CF7 /* XCoordinator */; };
		C362A64128DE681F00889CF7 /* LoginCoordinator.swift in Sources */ = {isa = PBXBuildFile; fileRef = C362A64028DE681F00889CF7 /* LoginCoordinator.swift */; };
		C362A64828DE6AF200889CF7 /* WelcomeViewController.swift in Sources */ = {isa = PBXBuildFile; fileRef = C362A64628DE6AF200889CF7 /* WelcomeViewController.swift */; };
		C362A64928DE6AF200889CF7 /* WelcomeViewController.xib in Resources */ = {isa = PBXBuildFile; fileRef = C362A64728DE6AF200889CF7 /* WelcomeViewController.xib */; };
		C362A64B28DE6AFB00889CF7 /* WelcomeViewModel.swift in Sources */ = {isa = PBXBuildFile; fileRef = C362A64A28DE6AFB00889CF7 /* WelcomeViewModel.swift */; };
		C362A64D28DE6B0400889CF7 /* WelcomeCoordinator.swift in Sources */ = {isa = PBXBuildFile; fileRef = C362A64C28DE6B0400889CF7 /* WelcomeCoordinator.swift */; };
		C39CE39A28DE483800E9F2D9 /* AppDelegate.swift in Sources */ = {isa = PBXBuildFile; fileRef = C39CE39928DE483800E9F2D9 /* AppDelegate.swift */; };
		C39CE39C28DE483800E9F2D9 /* SceneDelegate.swift in Sources */ = {isa = PBXBuildFile; fileRef = C39CE39B28DE483800E9F2D9 /* SceneDelegate.swift */; };
		C39CE3A328DE483A00E9F2D9 /* Assets.xcassets in Resources */ = {isa = PBXBuildFile; fileRef = C39CE3A228DE483A00E9F2D9 /* Assets.xcassets */; };
		C39CE3A628DE483A00E9F2D9 /* LaunchScreen.storyboard in Resources */ = {isa = PBXBuildFile; fileRef = C39CE3A428DE483A00E9F2D9 /* LaunchScreen.storyboard */; };
		C39CE3B128DE483A00E9F2D9 /* NerdbankTests.swift in Sources */ = {isa = PBXBuildFile; fileRef = C39CE3B028DE483A00E9F2D9 /* NerdbankTests.swift */; };
		C39CE3BB28DE483A00E9F2D9 /* NerdbankUITests.swift in Sources */ = {isa = PBXBuildFile; fileRef = C39CE3BA28DE483A00E9F2D9 /* NerdbankUITests.swift */; };
		C39CE3BD28DE483A00E9F2D9 /* NerdbankUITestsLaunchTests.swift in Sources */ = {isa = PBXBuildFile; fileRef = C39CE3BC28DE483A00E9F2D9 /* NerdbankUITestsLaunchTests.swift */; };
		C39CE3D228DE491900E9F2D9 /* LoginViewController.swift in Sources */ = {isa = PBXBuildFile; fileRef = C39CE3D028DE491900E9F2D9 /* LoginViewController.swift */; };
		C39CE3D328DE491900E9F2D9 /* LoginViewController.xib in Resources */ = {isa = PBXBuildFile; fileRef = C39CE3D128DE491900E9F2D9 /* LoginViewController.xib */; };
		C39CE3D528DE492200E9F2D9 /* LoginViewModel.swift in Sources */ = {isa = PBXBuildFile; fileRef = C39CE3D428DE492200E9F2D9 /* LoginViewModel.swift */; };
		C39CE3DC28DE4BB200E9F2D9 /* LoginModel.swift in Sources */ = {isa = PBXBuildFile; fileRef = C39CE3DB28DE4BB200E9F2D9 /* LoginModel.swift */; };
		C39CE3DE28DE4BC300E9F2D9 /* LoginAPI.swift in Sources */ = {isa = PBXBuildFile; fileRef = C39CE3DD28DE4BC300E9F2D9 /* LoginAPI.swift */; };
		C39CE3E028DE4BC900E9F2D9 /* LoginService.swift in Sources */ = {isa = PBXBuildFile; fileRef = C39CE3DF28DE4BC900E9F2D9 /* LoginService.swift */; };
		C39CE3E428DE540F00E9F2D9 /* NBTextField.swift in Sources */ = {isa = PBXBuildFile; fileRef = C39CE3E328DE540F00E9F2D9 /* NBTextField.swift */; };
		C39CFA8D28E20638008E17DC /* SkeletonView in Frameworks */ = {isa = PBXBuildFile; productRef = C39CFA8C28E20638008E17DC /* SkeletonView */; };
		C3B402C528E0A0D6000A56C9 /* Keychain.swift in Sources */ = {isa = PBXBuildFile; fileRef = C3B402C428E0A0D6000A56C9 /* Keychain.swift */; };
		C3B402CB28E0EE6E000A56C9 /* HomeViewController.swift in Sources */ = {isa = PBXBuildFile; fileRef = C3B402C928E0EE6E000A56C9 /* HomeViewController.swift */; };
		C3B402CC28E0EE6E000A56C9 /* HomeViewController.xib in Resources */ = {isa = PBXBuildFile; fileRef = C3B402CA28E0EE6E000A56C9 /* HomeViewController.xib */; };
		C3B402CE28E0EE7A000A56C9 /* HomeViewModel.swift in Sources */ = {isa = PBXBuildFile; fileRef = C3B402CD28E0EE7A000A56C9 /* HomeViewModel.swift */; };
		C3B402D128E0EE93000A56C9 /* HomeCoordinator.swift in Sources */ = {isa = PBXBuildFile; fileRef = C3B402D028E0EE93000A56C9 /* HomeCoordinator.swift */; };
		C3B402D528E0F9E0000A56C9 /* TransactionTableViewCell.swift in Sources */ = {isa = PBXBuildFile; fileRef = C3B402D328E0F9E0000A56C9 /* TransactionTableViewCell.swift */; };
		C3B402D628E0F9E0000A56C9 /* TransactionTableViewCell.xib in Resources */ = {isa = PBXBuildFile; fileRef = C3B402D428E0F9E0000A56C9 /* TransactionTableViewCell.xib */; };
		C3DA970928DFEE7800234FA3 /* KeychainSwift in Frameworks */ = {isa = PBXBuildFile; productRef = C3DA970828DFEE7800234FA3 /* KeychainSwift */; };
		C3DD8667294628B700BADBFC /* ProgressView.swift in Sources */ = {isa = PBXBuildFile; fileRef = C3DD8666294628B700BADBFC /* ProgressView.swift */; };
		C3DD86692946292400BADBFC /* ProgressShapeLayer.swift in Sources */ = {isa = PBXBuildFile; fileRef = C3DD86682946292400BADBFC /* ProgressShapeLayer.swift */; };
		C3DD866B29462A7000BADBFC /* StrokeAnimation.swift in Sources */ = {isa = PBXBuildFile; fileRef = C3DD866A29462A7000BADBFC /* StrokeAnimation.swift */; };
		C3DD866D29462C5200BADBFC /* RotationAnimation.swift in Sources */ = {isa = PBXBuildFile; fileRef = C3DD866C29462C5200BADBFC /* RotationAnimation.swift */; };
		C3DD866F29462D1300BADBFC /* StrokeColorAnimation.swift in Sources */ = {isa = PBXBuildFile; fileRef = C3DD866E29462D1300BADBFC /* StrokeColorAnimation.swift */; };
		C3DD867229462DB300BADBFC /* BaseViewController.swift in Sources */ = {isa = PBXBuildFile; fileRef = C3DD867129462DB300BADBFC /* BaseViewController.swift */; };
		C3DEE3082915A2DE00D84794 /* ProfileViewController.swift in Sources */ = {isa = PBXBuildFile; fileRef = C3DEE3062915A2DE00D84794 /* ProfileViewController.swift */; };
		C3DEE3092915A2DE00D84794 /* ProfileViewController.xib in Resources */ = {isa = PBXBuildFile; fileRef = C3DEE3072915A2DE00D84794 /* ProfileViewController.xib */; };
		C3DEE30B2915A2F100D84794 /* ProfileViewModel.swift in Sources */ = {isa = PBXBuildFile; fileRef = C3DEE30A2915A2F100D84794 /* ProfileViewModel.swift */; };
		C3DEE30D2915A30100D84794 /* ProfileModel.swift in Sources */ = {isa = PBXBuildFile; fileRef = C3DEE30C2915A30100D84794 /* ProfileModel.swift */; };
		C3DEE3102915AB2C00D84794 /* ProfileAPI.swift in Sources */ = {isa = PBXBuildFile; fileRef = C3DEE30F2915AB2C00D84794 /* ProfileAPI.swift */; };
		C3DEE3122915AB3200D84794 /* ProfileService.swift in Sources */ = {isa = PBXBuildFile; fileRef = C3DEE3112915AB3200D84794 /* ProfileService.swift */; };
		C3E9FB6729EDB2BE00726896 /* ExtractListCoordinator.swift in Sources */ = {isa = PBXBuildFile; fileRef = C3E9FB6629EDB2BE00726896 /* ExtractListCoordinator.swift */; };
		C3E9FB6D29EDB32C00726896 /* ExtractListViewController.swift in Sources */ = {isa = PBXBuildFile; fileRef = C3E9FB6B29EDB32C00726896 /* ExtractListViewController.swift */; };
		C3E9FB6E29EDB32C00726896 /* ExtractListViewController.xib in Resources */ = {isa = PBXBuildFile; fileRef = C3E9FB6C29EDB32C00726896 /* ExtractListViewController.xib */; };
		C3E9FB7029EDB33C00726896 /* ExtractListViewModel.swift in Sources */ = {isa = PBXBuildFile; fileRef = C3E9FB6F29EDB33C00726896 /* ExtractListViewModel.swift */; };
		C3E9FB7329EDB35100726896 /* ExtractListModel.swift in Sources */ = {isa = PBXBuildFile; fileRef = C3E9FB7229EDB35100726896 /* ExtractListModel.swift */; };
		C3E9FB7829EDB61400726896 /* ExtractAPI.swift in Sources */ = {isa = PBXBuildFile; fileRef = C3E9FB7729EDB61400726896 /* ExtractAPI.swift */; };
		C3E9FB7A29EDB61B00726896 /* ExtractService.swift in Sources */ = {isa = PBXBuildFile; fileRef = C3E9FB7929EDB61B00726896 /* ExtractService.swift */; };
		C3E9FB7E29EDC43D00726896 /* HomeCollectionCell.swift in Sources */ = {isa = PBXBuildFile; fileRef = C3E9FB7C29EDC43D00726896 /* HomeCollectionCell.swift */; };
		C3E9FB7F29EDC43D00726896 /* HomeCollectionCell.xib in Resources */ = {isa = PBXBuildFile; fileRef = C3E9FB7D29EDC43D00726896 /* HomeCollectionCell.xib */; };
		F6755EC029F0686200757F02 /* ProfileMenuCell.swift in Sources */ = {isa = PBXBuildFile; fileRef = F6755EBE29F0686200757F02 /* ProfileMenuCell.swift */; };
		F6755EC129F0686200757F02 /* ProfileMenuCell.xib in Resources */ = {isa = PBXBuildFile; fileRef = F6755EBF29F0686200757F02 /* ProfileMenuCell.xib */; };
		F6755EC429F07C4200757F02 /* Toast in Frameworks */ = {isa = PBXBuildFile; productRef = F6755EC329F07C4200757F02 /* Toast */; };
		F687E4F629F44D59008F207F /* TransferViewController.swift in Sources */ = {isa = PBXBuildFile; fileRef = F687E4F429F44D59008F207F /* TransferViewController.swift */; };
		F687E4F729F44D59008F207F /* TransferViewController.xib in Resources */ = {isa = PBXBuildFile; fileRef = F687E4F529F44D59008F207F /* TransferViewController.xib */; };
		F687E4F929F44D6B008F207F /* TransferViewModel.swift in Sources */ = {isa = PBXBuildFile; fileRef = F687E4F829F44D6B008F207F /* TransferViewModel.swift */; };
		F687E4FB29F45280008F207F /* TransferModel.swift in Sources */ = {isa = PBXBuildFile; fileRef = F687E4FA29F45280008F207F /* TransferModel.swift */; };
		F687E4FF29F4B3C3008F207F /* TransferFavoriteOptionCell.swift in Sources */ = {isa = PBXBuildFile; fileRef = F687E4FD29F4B3C3008F207F /* TransferFavoriteOptionCell.swift */; };
		F687E50029F4B3C3008F207F /* TransferFavoriteOptionCell.xib in Resources */ = {isa = PBXBuildFile; fileRef = F687E4FE29F4B3C3008F207F /* TransferFavoriteOptionCell.xib */; };
		F687E50329F4B580008F207F /* TransferCoordinator.swift in Sources */ = {isa = PBXBuildFile; fileRef = F687E50229F4B580008F207F /* TransferCoordinator.swift */; };
		F687E50729F4C028008F207F /* TransferRecentOptionCell.swift in Sources */ = {isa = PBXBuildFile; fileRef = F687E50529F4C028008F207F /* TransferRecentOptionCell.swift */; };
		F687E50829F4C028008F207F /* TransferRecentOptionCell.xib in Resources */ = {isa = PBXBuildFile; fileRef = F687E50629F4C028008F207F /* TransferRecentOptionCell.xib */; };
		F687E50C29F4C093008F207F /* TransferRecentCollectionCell.swift in Sources */ = {isa = PBXBuildFile; fileRef = F687E50A29F4C093008F207F /* TransferRecentCollectionCell.swift */; };
		F687E50D29F4C093008F207F /* TransferRecentCollectionCell.xib in Resources */ = {isa = PBXBuildFile; fileRef = F687E50B29F4C093008F207F /* TransferRecentCollectionCell.xib */; };
		F6918E3D29E3971A00808966 /* UIColor+Extensions.swift in Sources */ = {isa = PBXBuildFile; fileRef = F6918E3C29E3971A00808966 /* UIColor+Extensions.swift */; };
		F6BCC70029EB19B0006B35C5 /* HomeTabBarCoordinator.swift in Sources */ = {isa = PBXBuildFile; fileRef = F6BCC6FF29EB19B0006B35C5 /* HomeTabBarCoordinator.swift */; };
		F6BCC70329EB1CDE006B35C5 /* Transition+Extensions.swift in Sources */ = {isa = PBXBuildFile; fileRef = F6BCC70229EB1CDE006B35C5 /* Transition+Extensions.swift */; };
		F6BCC70529EB1FF6006B35C5 /* ProfileCoordinator.swift in Sources */ = {isa = PBXBuildFile; fileRef = F6BCC70429EB1FF6006B35C5 /* ProfileCoordinator.swift */; };
		F6BF4C02299728EE00B5A834 /* VFNetwork in Frameworks */ = {isa = PBXBuildFile; productRef = F6BF4C01299728EE00B5A834 /* VFNetwork */; };
/* End PBXBuildFile section */

/* Begin PBXContainerItemProxy section */
		C39CE3AD28DE483A00E9F2D9 /* PBXContainerItemProxy */ = {
			isa = PBXContainerItemProxy;
			containerPortal = C39CE38E28DE483800E9F2D9 /* Project object */;
			proxyType = 1;
			remoteGlobalIDString = C39CE39528DE483800E9F2D9;
			remoteInfo = Nerdbank;
		};
		C39CE3B728DE483A00E9F2D9 /* PBXContainerItemProxy */ = {
			isa = PBXContainerItemProxy;
			containerPortal = C39CE38E28DE483800E9F2D9 /* Project object */;
			proxyType = 1;
			remoteGlobalIDString = C39CE39528DE483800E9F2D9;
			remoteInfo = Nerdbank;
		};
/* End PBXContainerItemProxy section */

/* Begin PBXFileReference section */
		C3031BD328E13B7800034765 /* UIView+Extensions.swift */ = {isa = PBXFileReference; lastKnownFileType = sourcecode.swift; path = "UIView+Extensions.swift"; sourceTree = "<group>"; };
		C3031BD628E13C9700034765 /* HomeService.swift */ = {isa = PBXFileReference; lastKnownFileType = sourcecode.swift; path = HomeService.swift; sourceTree = "<group>"; };
		C3031BD828E13C9D00034765 /* HomeAPI.swift */ = {isa = PBXFileReference; lastKnownFileType = sourcecode.swift; path = HomeAPI.swift; sourceTree = "<group>"; };
		C3031BDB28E13D8400034765 /* BalanceModel.swift */ = {isa = PBXFileReference; lastKnownFileType = sourcecode.swift; path = BalanceModel.swift; sourceTree = "<group>"; };
		C3031BDF28E140B200034765 /* HomeModel.swift */ = {isa = PBXFileReference; lastKnownFileType = sourcecode.swift; path = HomeModel.swift; sourceTree = "<group>"; };
		C362A64028DE681F00889CF7 /* LoginCoordinator.swift */ = {isa = PBXFileReference; lastKnownFileType = sourcecode.swift; path = LoginCoordinator.swift; sourceTree = "<group>"; };
		C362A64628DE6AF200889CF7 /* WelcomeViewController.swift */ = {isa = PBXFileReference; lastKnownFileType = sourcecode.swift; path = WelcomeViewController.swift; sourceTree = "<group>"; };
		C362A64728DE6AF200889CF7 /* WelcomeViewController.xib */ = {isa = PBXFileReference; lastKnownFileType = file.xib; path = WelcomeViewController.xib; sourceTree = "<group>"; };
		C362A64A28DE6AFB00889CF7 /* WelcomeViewModel.swift */ = {isa = PBXFileReference; lastKnownFileType = sourcecode.swift; path = WelcomeViewModel.swift; sourceTree = "<group>"; };
		C362A64C28DE6B0400889CF7 /* WelcomeCoordinator.swift */ = {isa = PBXFileReference; lastKnownFileType = sourcecode.swift; path = WelcomeCoordinator.swift; sourceTree = "<group>"; };
		C39CE39628DE483800E9F2D9 /* Nerdbank.app */ = {isa = PBXFileReference; explicitFileType = wrapper.application; includeInIndex = 0; path = Nerdbank.app; sourceTree = BUILT_PRODUCTS_DIR; };
		C39CE39928DE483800E9F2D9 /* AppDelegate.swift */ = {isa = PBXFileReference; lastKnownFileType = sourcecode.swift; path = AppDelegate.swift; sourceTree = "<group>"; };
		C39CE39B28DE483800E9F2D9 /* SceneDelegate.swift */ = {isa = PBXFileReference; lastKnownFileType = sourcecode.swift; path = SceneDelegate.swift; sourceTree = "<group>"; };
		C39CE3A228DE483A00E9F2D9 /* Assets.xcassets */ = {isa = PBXFileReference; lastKnownFileType = folder.assetcatalog; path = Assets.xcassets; sourceTree = "<group>"; };
		C39CE3A528DE483A00E9F2D9 /* Base */ = {isa = PBXFileReference; lastKnownFileType = file.storyboard; name = Base; path = Base.lproj/LaunchScreen.storyboard; sourceTree = "<group>"; };
		C39CE3A728DE483A00E9F2D9 /* Info.plist */ = {isa = PBXFileReference; lastKnownFileType = text.plist.xml; path = Info.plist; sourceTree = "<group>"; };
		C39CE3AC28DE483A00E9F2D9 /* NerdbankTests.xctest */ = {isa = PBXFileReference; explicitFileType = wrapper.cfbundle; includeInIndex = 0; path = NerdbankTests.xctest; sourceTree = BUILT_PRODUCTS_DIR; };
		C39CE3B028DE483A00E9F2D9 /* NerdbankTests.swift */ = {isa = PBXFileReference; lastKnownFileType = sourcecode.swift; path = NerdbankTests.swift; sourceTree = "<group>"; };
		C39CE3B628DE483A00E9F2D9 /* NerdbankUITests.xctest */ = {isa = PBXFileReference; explicitFileType = wrapper.cfbundle; includeInIndex = 0; path = NerdbankUITests.xctest; sourceTree = BUILT_PRODUCTS_DIR; };
		C39CE3BA28DE483A00E9F2D9 /* NerdbankUITests.swift */ = {isa = PBXFileReference; lastKnownFileType = sourcecode.swift; path = NerdbankUITests.swift; sourceTree = "<group>"; };
		C39CE3BC28DE483A00E9F2D9 /* NerdbankUITestsLaunchTests.swift */ = {isa = PBXFileReference; lastKnownFileType = sourcecode.swift; path = NerdbankUITestsLaunchTests.swift; sourceTree = "<group>"; };
		C39CE3D028DE491900E9F2D9 /* LoginViewController.swift */ = {isa = PBXFileReference; lastKnownFileType = sourcecode.swift; path = LoginViewController.swift; sourceTree = "<group>"; };
		C39CE3D128DE491900E9F2D9 /* LoginViewController.xib */ = {isa = PBXFileReference; lastKnownFileType = file.xib; path = LoginViewController.xib; sourceTree = "<group>"; };
		C39CE3D428DE492200E9F2D9 /* LoginViewModel.swift */ = {isa = PBXFileReference; lastKnownFileType = sourcecode.swift; path = LoginViewModel.swift; sourceTree = "<group>"; };
		C39CE3DB28DE4BB200E9F2D9 /* LoginModel.swift */ = {isa = PBXFileReference; lastKnownFileType = sourcecode.swift; path = LoginModel.swift; sourceTree = "<group>"; };
		C39CE3DD28DE4BC300E9F2D9 /* LoginAPI.swift */ = {isa = PBXFileReference; lastKnownFileType = sourcecode.swift; path = LoginAPI.swift; sourceTree = "<group>"; };
		C39CE3DF28DE4BC900E9F2D9 /* LoginService.swift */ = {isa = PBXFileReference; lastKnownFileType = sourcecode.swift; path = LoginService.swift; sourceTree = "<group>"; };
		C39CE3E328DE540F00E9F2D9 /* NBTextField.swift */ = {isa = PBXFileReference; lastKnownFileType = sourcecode.swift; path = NBTextField.swift; sourceTree = "<group>"; };
		C3B402C428E0A0D6000A56C9 /* Keychain.swift */ = {isa = PBXFileReference; lastKnownFileType = sourcecode.swift; path = Keychain.swift; sourceTree = "<group>"; };
		C3B402C928E0EE6E000A56C9 /* HomeViewController.swift */ = {isa = PBXFileReference; lastKnownFileType = sourcecode.swift; path = HomeViewController.swift; sourceTree = "<group>"; };
		C3B402CA28E0EE6E000A56C9 /* HomeViewController.xib */ = {isa = PBXFileReference; lastKnownFileType = file.xib; path = HomeViewController.xib; sourceTree = "<group>"; };
		C3B402CD28E0EE7A000A56C9 /* HomeViewModel.swift */ = {isa = PBXFileReference; lastKnownFileType = sourcecode.swift; path = HomeViewModel.swift; sourceTree = "<group>"; };
		C3B402D028E0EE93000A56C9 /* HomeCoordinator.swift */ = {isa = PBXFileReference; lastKnownFileType = sourcecode.swift; path = HomeCoordinator.swift; sourceTree = "<group>"; };
		C3B402D328E0F9E0000A56C9 /* TransactionTableViewCell.swift */ = {isa = PBXFileReference; lastKnownFileType = sourcecode.swift; path = TransactionTableViewCell.swift; sourceTree = "<group>"; };
		C3B402D428E0F9E0000A56C9 /* TransactionTableViewCell.xib */ = {isa = PBXFileReference; lastKnownFileType = file.xib; path = TransactionTableViewCell.xib; sourceTree = "<group>"; };
		C3DD8666294628B700BADBFC /* ProgressView.swift */ = {isa = PBXFileReference; lastKnownFileType = sourcecode.swift; path = ProgressView.swift; sourceTree = "<group>"; };
		C3DD86682946292400BADBFC /* ProgressShapeLayer.swift */ = {isa = PBXFileReference; lastKnownFileType = sourcecode.swift; path = ProgressShapeLayer.swift; sourceTree = "<group>"; };
		C3DD866A29462A7000BADBFC /* StrokeAnimation.swift */ = {isa = PBXFileReference; lastKnownFileType = sourcecode.swift; path = StrokeAnimation.swift; sourceTree = "<group>"; };
		C3DD866C29462C5200BADBFC /* RotationAnimation.swift */ = {isa = PBXFileReference; lastKnownFileType = sourcecode.swift; path = RotationAnimation.swift; sourceTree = "<group>"; };
		C3DD866E29462D1300BADBFC /* StrokeColorAnimation.swift */ = {isa = PBXFileReference; lastKnownFileType = sourcecode.swift; path = StrokeColorAnimation.swift; sourceTree = "<group>"; };
		C3DD867129462DB300BADBFC /* BaseViewController.swift */ = {isa = PBXFileReference; lastKnownFileType = sourcecode.swift; path = BaseViewController.swift; sourceTree = "<group>"; };
		C3DEE3062915A2DE00D84794 /* ProfileViewController.swift */ = {isa = PBXFileReference; lastKnownFileType = sourcecode.swift; path = ProfileViewController.swift; sourceTree = "<group>"; };
		C3DEE3072915A2DE00D84794 /* ProfileViewController.xib */ = {isa = PBXFileReference; lastKnownFileType = file.xib; path = ProfileViewController.xib; sourceTree = "<group>"; };
		C3DEE30A2915A2F100D84794 /* ProfileViewModel.swift */ = {isa = PBXFileReference; lastKnownFileType = sourcecode.swift; path = ProfileViewModel.swift; sourceTree = "<group>"; };
		C3DEE30C2915A30100D84794 /* ProfileModel.swift */ = {isa = PBXFileReference; lastKnownFileType = sourcecode.swift; path = ProfileModel.swift; sourceTree = "<group>"; };
		C3DEE30F2915AB2C00D84794 /* ProfileAPI.swift */ = {isa = PBXFileReference; lastKnownFileType = sourcecode.swift; path = ProfileAPI.swift; sourceTree = "<group>"; };
		C3DEE3112915AB3200D84794 /* ProfileService.swift */ = {isa = PBXFileReference; lastKnownFileType = sourcecode.swift; path = ProfileService.swift; sourceTree = "<group>"; };
		C3E9FB6629EDB2BE00726896 /* ExtractListCoordinator.swift */ = {isa = PBXFileReference; lastKnownFileType = sourcecode.swift; path = ExtractListCoordinator.swift; sourceTree = "<group>"; };
		C3E9FB6B29EDB32C00726896 /* ExtractListViewController.swift */ = {isa = PBXFileReference; lastKnownFileType = sourcecode.swift; path = ExtractListViewController.swift; sourceTree = "<group>"; };
		C3E9FB6C29EDB32C00726896 /* ExtractListViewController.xib */ = {isa = PBXFileReference; lastKnownFileType = file.xib; path = ExtractListViewController.xib; sourceTree = "<group>"; };
		C3E9FB6F29EDB33C00726896 /* ExtractListViewModel.swift */ = {isa = PBXFileReference; lastKnownFileType = sourcecode.swift; path = ExtractListViewModel.swift; sourceTree = "<group>"; };
		C3E9FB7229EDB35100726896 /* ExtractListModel.swift */ = {isa = PBXFileReference; lastKnownFileType = sourcecode.swift; path = ExtractListModel.swift; sourceTree = "<group>"; };
		C3E9FB7729EDB61400726896 /* ExtractAPI.swift */ = {isa = PBXFileReference; lastKnownFileType = sourcecode.swift; path = ExtractAPI.swift; sourceTree = "<group>"; };
		C3E9FB7929EDB61B00726896 /* ExtractService.swift */ = {isa = PBXFileReference; lastKnownFileType = sourcecode.swift; path = ExtractService.swift; sourceTree = "<group>"; };
		C3E9FB7C29EDC43D00726896 /* HomeCollectionCell.swift */ = {isa = PBXFileReference; lastKnownFileType = sourcecode.swift; path = HomeCollectionCell.swift; sourceTree = "<group>"; };
		C3E9FB7D29EDC43D00726896 /* HomeCollectionCell.xib */ = {isa = PBXFileReference; lastKnownFileType = file.xib; path = HomeCollectionCell.xib; sourceTree = "<group>"; };
		F6755EBE29F0686200757F02 /* ProfileMenuCell.swift */ = {isa = PBXFileReference; lastKnownFileType = sourcecode.swift; path = ProfileMenuCell.swift; sourceTree = "<group>"; };
		F6755EBF29F0686200757F02 /* ProfileMenuCell.xib */ = {isa = PBXFileReference; lastKnownFileType = file.xib; path = ProfileMenuCell.xib; sourceTree = "<group>"; };
		F687E4F429F44D59008F207F /* TransferViewController.swift */ = {isa = PBXFileReference; lastKnownFileType = sourcecode.swift; path = TransferViewController.swift; sourceTree = "<group>"; };
		F687E4F529F44D59008F207F /* TransferViewController.xib */ = {isa = PBXFileReference; lastKnownFileType = file.xib; path = TransferViewController.xib; sourceTree = "<group>"; };
		F687E4F829F44D6B008F207F /* TransferViewModel.swift */ = {isa = PBXFileReference; lastKnownFileType = sourcecode.swift; path = TransferViewModel.swift; sourceTree = "<group>"; };
		F687E4FA29F45280008F207F /* TransferModel.swift */ = {isa = PBXFileReference; lastKnownFileType = sourcecode.swift; path = TransferModel.swift; sourceTree = "<group>"; };
		F687E4FD29F4B3C3008F207F /* TransferFavoriteOptionCell.swift */ = {isa = PBXFileReference; lastKnownFileType = sourcecode.swift; path = TransferFavoriteOptionCell.swift; sourceTree = "<group>"; };
		F687E4FE29F4B3C3008F207F /* TransferFavoriteOptionCell.xib */ = {isa = PBXFileReference; lastKnownFileType = file.xib; path = TransferFavoriteOptionCell.xib; sourceTree = "<group>"; };
		F687E50229F4B580008F207F /* TransferCoordinator.swift */ = {isa = PBXFileReference; lastKnownFileType = sourcecode.swift; path = TransferCoordinator.swift; sourceTree = "<group>"; };
		F687E50529F4C028008F207F /* TransferRecentOptionCell.swift */ = {isa = PBXFileReference; lastKnownFileType = sourcecode.swift; path = TransferRecentOptionCell.swift; sourceTree = "<group>"; };
		F687E50629F4C028008F207F /* TransferRecentOptionCell.xib */ = {isa = PBXFileReference; lastKnownFileType = file.xib; path = TransferRecentOptionCell.xib; sourceTree = "<group>"; };
		F687E50A29F4C093008F207F /* TransferRecentCollectionCell.swift */ = {isa = PBXFileReference; lastKnownFileType = sourcecode.swift; path = TransferRecentCollectionCell.swift; sourceTree = "<group>"; };
		F687E50B29F4C093008F207F /* TransferRecentCollectionCell.xib */ = {isa = PBXFileReference; lastKnownFileType = file.xib; path = TransferRecentCollectionCell.xib; sourceTree = "<group>"; };
		F6918E3C29E3971A00808966 /* UIColor+Extensions.swift */ = {isa = PBXFileReference; lastKnownFileType = sourcecode.swift; path = "UIColor+Extensions.swift"; sourceTree = "<group>"; };
		F6BCC6FF29EB19B0006B35C5 /* HomeTabBarCoordinator.swift */ = {isa = PBXFileReference; lastKnownFileType = sourcecode.swift; path = HomeTabBarCoordinator.swift; sourceTree = "<group>"; };
		F6BCC70229EB1CDE006B35C5 /* Transition+Extensions.swift */ = {isa = PBXFileReference; lastKnownFileType = sourcecode.swift; path = "Transition+Extensions.swift"; sourceTree = "<group>"; };
		F6BCC70429EB1FF6006B35C5 /* ProfileCoordinator.swift */ = {isa = PBXFileReference; lastKnownFileType = sourcecode.swift; path = ProfileCoordinator.swift; sourceTree = "<group>"; };
/* End PBXFileReference section */

/* Begin PBXFrameworksBuildPhase section */
		C39CE39328DE483800E9F2D9 /* Frameworks */ = {
			isa = PBXFrameworksBuildPhase;
			buildActionMask = 2147483647;
			files = (
				C39CFA8D28E20638008E17DC /* SkeletonView in Frameworks */,
				C3DA970928DFEE7800234FA3 /* KeychainSwift in Frameworks */,
				C362A63E28DE66DB00889CF7 /* XCoordinator in Frameworks */,
				F6755EC429F07C4200757F02 /* Toast in Frameworks */,
				F6BF4C02299728EE00B5A834 /* VFNetwork in Frameworks */,
			);
			runOnlyForDeploymentPostprocessing = 0;
		};
		C39CE3A928DE483A00E9F2D9 /* Frameworks */ = {
			isa = PBXFrameworksBuildPhase;
			buildActionMask = 2147483647;
			files = (
			);
			runOnlyForDeploymentPostprocessing = 0;
		};
		C39CE3B328DE483A00E9F2D9 /* Frameworks */ = {
			isa = PBXFrameworksBuildPhase;
			buildActionMask = 2147483647;
			files = (
			);
			runOnlyForDeploymentPostprocessing = 0;
		};
/* End PBXFrameworksBuildPhase section */

/* Begin PBXGroup section */
		C3031BD228E13B6B00034765 /* Extensions */ = {
			isa = PBXGroup;
			children = (
				C3031BD328E13B7800034765 /* UIView+Extensions.swift */,
				F6918E3C29E3971A00808966 /* UIColor+Extensions.swift */,
			);
			path = Extensions;
			sourceTree = "<group>";
		};
		C3031BD528E13C8F00034765 /* Service */ = {
			isa = PBXGroup;
			children = (
				C3031BD628E13C9700034765 /* HomeService.swift */,
				C3031BD828E13C9D00034765 /* HomeAPI.swift */,
			);
			path = Service;
			sourceTree = "<group>";
		};
		C3031BDA28E13D7500034765 /* Model */ = {
			isa = PBXGroup;
			children = (
				C3031BDB28E13D8400034765 /* BalanceModel.swift */,
				C3031BDF28E140B200034765 /* HomeModel.swift */,
			);
			path = Model;
			sourceTree = "<group>";
		};
		C362A63F28DE681500889CF7 /* Coordinator */ = {
			isa = PBXGroup;
			children = (
				C362A64028DE681F00889CF7 /* LoginCoordinator.swift */,
			);
			path = Coordinator;
			sourceTree = "<group>";
		};
		C362A64228DE6AD700889CF7 /* Welcome */ = {
			isa = PBXGroup;
			children = (
				C362A64528DE6AE400889CF7 /* Coordinator */,
				C362A64428DE6AE000889CF7 /* ViewModel */,
				C362A64328DE6ADD00889CF7 /* View */,
			);
			path = Welcome;
			sourceTree = "<group>";
		};
		C362A64328DE6ADD00889CF7 /* View */ = {
			isa = PBXGroup;
			children = (
				C362A64628DE6AF200889CF7 /* WelcomeViewController.swift */,
				C362A64728DE6AF200889CF7 /* WelcomeViewController.xib */,
			);
			path = View;
			sourceTree = "<group>";
		};
		C362A64428DE6AE000889CF7 /* ViewModel */ = {
			isa = PBXGroup;
			children = (
				C362A64A28DE6AFB00889CF7 /* WelcomeViewModel.swift */,
			);
			path = ViewModel;
			sourceTree = "<group>";
		};
		C362A64528DE6AE400889CF7 /* Coordinator */ = {
			isa = PBXGroup;
			children = (
				C362A64C28DE6B0400889CF7 /* WelcomeCoordinator.swift */,
			);
			path = Coordinator;
			sourceTree = "<group>";
		};
		C39CE38D28DE483800E9F2D9 = {
			isa = PBXGroup;
			children = (
				C39CE39828DE483800E9F2D9 /* Nerdbank */,
				C39CE3AF28DE483A00E9F2D9 /* NerdbankTests */,
				C39CE3B928DE483A00E9F2D9 /* NerdbankUITests */,
				C39CE39728DE483800E9F2D9 /* Products */,
			);
			sourceTree = "<group>";
		};
		C39CE39728DE483800E9F2D9 /* Products */ = {
			isa = PBXGroup;
			children = (
				C39CE39628DE483800E9F2D9 /* Nerdbank.app */,
				C39CE3AC28DE483A00E9F2D9 /* NerdbankTests.xctest */,
				C39CE3B628DE483A00E9F2D9 /* NerdbankUITests.xctest */,
			);
			name = Products;
			sourceTree = "<group>";
		};
		C39CE39828DE483800E9F2D9 /* Nerdbank */ = {
			isa = PBXGroup;
			children = (
				C39CE3E128DE53DB00E9F2D9 /* Common */,
				C39CE3CC28DE48A900E9F2D9 /* Delegate */,
				C39CE3CB28DE489A00E9F2D9 /* Resources */,
				C39CE3CA28DE488A00E9F2D9 /* SupportingFiles */,
				C39CE3C928DE487F00E9F2D9 /* Sections */,
			);
			path = Nerdbank;
			sourceTree = "<group>";
		};
		C39CE3AF28DE483A00E9F2D9 /* NerdbankTests */ = {
			isa = PBXGroup;
			children = (
				C39CE3B028DE483A00E9F2D9 /* NerdbankTests.swift */,
			);
			path = NerdbankTests;
			sourceTree = "<group>";
		};
		C39CE3B928DE483A00E9F2D9 /* NerdbankUITests */ = {
			isa = PBXGroup;
			children = (
				C39CE3BA28DE483A00E9F2D9 /* NerdbankUITests.swift */,
				C39CE3BC28DE483A00E9F2D9 /* NerdbankUITestsLaunchTests.swift */,
			);
			path = NerdbankUITests;
			sourceTree = "<group>";
		};
		C39CE3C928DE487F00E9F2D9 /* Sections */ = {
			isa = PBXGroup;
			children = (
				F687E4F029F44D2D008F207F /* Transfer */,
				C3E9FB6429EDB28600726896 /* Extract */,
				F6BCC6FD29EB19A1006B35C5 /* Tab */,
				C3DEE3022915A2BF00D84794 /* Profile */,
				C3B402C628E0EE53000A56C9 /* Home */,
				C362A64228DE6AD700889CF7 /* Welcome */,
				C39CE3CD28DE48FD00E9F2D9 /* Login */,
			);
			path = Sections;
			sourceTree = "<group>";
		};
		C39CE3CA28DE488A00E9F2D9 /* SupportingFiles */ = {
			isa = PBXGroup;
			children = (
				C39CE3A428DE483A00E9F2D9 /* LaunchScreen.storyboard */,
				C39CE3A728DE483A00E9F2D9 /* Info.plist */,
			);
			path = SupportingFiles;
			sourceTree = "<group>";
		};
		C39CE3CB28DE489A00E9F2D9 /* Resources */ = {
			isa = PBXGroup;
			children = (
				C39CE3A228DE483A00E9F2D9 /* Assets.xcassets */,
			);
			path = Resources;
			sourceTree = "<group>";
		};
		C39CE3CC28DE48A900E9F2D9 /* Delegate */ = {
			isa = PBXGroup;
			children = (
				C39CE39B28DE483800E9F2D9 /* SceneDelegate.swift */,
				C39CE39928DE483800E9F2D9 /* AppDelegate.swift */,
			);
			path = Delegate;
			sourceTree = "<group>";
		};
		C39CE3CD28DE48FD00E9F2D9 /* Login */ = {
			isa = PBXGroup;
			children = (
				C362A63F28DE681500889CF7 /* Coordinator */,
				C39CE3DA28DE4BA800E9F2D9 /* Model */,
				C39CE3D928DE4B7100E9F2D9 /* Service */,
				C39CE3CF28DE490700E9F2D9 /* ViewModel */,
				C39CE3CE28DE490300E9F2D9 /* View */,
			);
			path = Login;
			sourceTree = "<group>";
		};
		C39CE3CE28DE490300E9F2D9 /* View */ = {
			isa = PBXGroup;
			children = (
				C39CE3D028DE491900E9F2D9 /* LoginViewController.swift */,
				C39CE3D128DE491900E9F2D9 /* LoginViewController.xib */,
			);
			path = View;
			sourceTree = "<group>";
		};
		C39CE3CF28DE490700E9F2D9 /* ViewModel */ = {
			isa = PBXGroup;
			children = (
				C39CE3D428DE492200E9F2D9 /* LoginViewModel.swift */,
			);
			path = ViewModel;
			sourceTree = "<group>";
		};
		C39CE3D928DE4B7100E9F2D9 /* Service */ = {
			isa = PBXGroup;
			children = (
				C39CE3DD28DE4BC300E9F2D9 /* LoginAPI.swift */,
				C39CE3DF28DE4BC900E9F2D9 /* LoginService.swift */,
			);
			path = Service;
			sourceTree = "<group>";
		};
		C39CE3DA28DE4BA800E9F2D9 /* Model */ = {
			isa = PBXGroup;
			children = (
				C39CE3DB28DE4BB200E9F2D9 /* LoginModel.swift */,
			);
			path = Model;
			sourceTree = "<group>";
		};
		C39CE3E128DE53DB00E9F2D9 /* Common */ = {
			isa = PBXGroup;
			children = (
				F6BCC70129EB1CCF006B35C5 /* Extensions */,
				C3B402C328E0A0C6000A56C9 /* Keychain */,
				C3B402C228E0A0BD000A56C9 /* UI */,
			);
			path = Common;
			sourceTree = "<group>";
		};
		C39CE3E228DE53FA00E9F2D9 /* NBTextField */ = {
			isa = PBXGroup;
			children = (
				C39CE3E328DE540F00E9F2D9 /* NBTextField.swift */,
			);
			path = NBTextField;
			sourceTree = "<group>";
		};
		C3B402C228E0A0BD000A56C9 /* UI */ = {
			isa = PBXGroup;
			children = (
				C3DD867029462DAB00BADBFC /* Base */,
				C3DD8665294628A400BADBFC /* Progress */,
				C3031BD228E13B6B00034765 /* Extensions */,
				C39CE3E228DE53FA00E9F2D9 /* NBTextField */,
			);
			path = UI;
			sourceTree = "<group>";
		};
		C3B402C328E0A0C6000A56C9 /* Keychain */ = {
			isa = PBXGroup;
			children = (
				C3B402C428E0A0D6000A56C9 /* Keychain.swift */,
			);
			path = Keychain;
			sourceTree = "<group>";
		};
		C3B402C628E0EE53000A56C9 /* Home */ = {
			isa = PBXGroup;
			children = (
				C3031BDA28E13D7500034765 /* Model */,
				C3031BD528E13C8F00034765 /* Service */,
				C3B402CF28E0EE89000A56C9 /* Coordinator */,
				C3B402C828E0EE62000A56C9 /* View */,
				C3B402C728E0EE5E000A56C9 /* ViewModel */,
			);
			path = Home;
			sourceTree = "<group>";
		};
		C3B402C728E0EE5E000A56C9 /* ViewModel */ = {
			isa = PBXGroup;
			children = (
				C3B402CD28E0EE7A000A56C9 /* HomeViewModel.swift */,
			);
			path = ViewModel;
			sourceTree = "<group>";
		};
		C3B402C828E0EE62000A56C9 /* View */ = {
			isa = PBXGroup;
			children = (
				C3E9FB7B29EDC42800726896 /* Cell */,
				C3B402C928E0EE6E000A56C9 /* HomeViewController.swift */,
				C3B402CA28E0EE6E000A56C9 /* HomeViewController.xib */,
			);
			path = View;
			sourceTree = "<group>";
		};
		C3B402CF28E0EE89000A56C9 /* Coordinator */ = {
			isa = PBXGroup;
			children = (
				C3B402D028E0EE93000A56C9 /* HomeCoordinator.swift */,
			);
			path = Coordinator;
			sourceTree = "<group>";
		};
		C3DD8665294628A400BADBFC /* Progress */ = {
			isa = PBXGroup;
			children = (
				C3DD8666294628B700BADBFC /* ProgressView.swift */,
				C3DD86682946292400BADBFC /* ProgressShapeLayer.swift */,
				C3DD866A29462A7000BADBFC /* StrokeAnimation.swift */,
				C3DD866C29462C5200BADBFC /* RotationAnimation.swift */,
				C3DD866E29462D1300BADBFC /* StrokeColorAnimation.swift */,
			);
			path = Progress;
			sourceTree = "<group>";
		};
		C3DD867029462DAB00BADBFC /* Base */ = {
			isa = PBXGroup;
			children = (
				C3DD867129462DB300BADBFC /* BaseViewController.swift */,
			);
			path = Base;
			sourceTree = "<group>";
		};
		C3DEE3022915A2BF00D84794 /* Profile */ = {
			isa = PBXGroup;
			children = (
				F6BCC70629EB28EB006B35C5 /* Coordinator */,
				C3DEE30E2915AB2400D84794 /* Service */,
				C3DEE3052915A2CA00D84794 /* ViewModel */,
				C3DEE3042915A2C700D84794 /* Model */,
				C3DEE3032915A2C400D84794 /* View */,
			);
			path = Profile;
			sourceTree = "<group>";
		};
		C3DEE3032915A2C400D84794 /* View */ = {
			isa = PBXGroup;
			children = (
				F6755EBD29F0685100757F02 /* Cell */,
				C3DEE3062915A2DE00D84794 /* ProfileViewController.swift */,
				C3DEE3072915A2DE00D84794 /* ProfileViewController.xib */,
			);
			path = View;
			sourceTree = "<group>";
		};
		C3DEE3042915A2C700D84794 /* Model */ = {
			isa = PBXGroup;
			children = (
				C3DEE30C2915A30100D84794 /* ProfileModel.swift */,
			);
			path = Model;
			sourceTree = "<group>";
		};
		C3DEE3052915A2CA00D84794 /* ViewModel */ = {
			isa = PBXGroup;
			children = (
				C3DEE30A2915A2F100D84794 /* ProfileViewModel.swift */,
			);
			path = ViewModel;
			sourceTree = "<group>";
		};
		C3DEE30E2915AB2400D84794 /* Service */ = {
			isa = PBXGroup;
			children = (
				C3DEE30F2915AB2C00D84794 /* ProfileAPI.swift */,
				C3DEE3112915AB3200D84794 /* ProfileService.swift */,
			);
			path = Service;
			sourceTree = "<group>";
		};
		C3E9FB6429EDB28600726896 /* Extract */ = {
			isa = PBXGroup;
			children = (
				C3E9FB7429EDB39300726896 /* List */,
			);
			path = Extract;
			sourceTree = "<group>";
		};
		C3E9FB6529EDB28D00726896 /* Coordinator */ = {
			isa = PBXGroup;
			children = (
				C3E9FB6629EDB2BE00726896 /* ExtractListCoordinator.swift */,
			);
			path = Coordinator;
			sourceTree = "<group>";
		};
		C3E9FB6829EDB30800726896 /* View */ = {
			isa = PBXGroup;
			children = (
				C3E9FB7529EDB3E500726896 /* Cell */,
				C3E9FB6B29EDB32C00726896 /* ExtractListViewController.swift */,
				C3E9FB6C29EDB32C00726896 /* ExtractListViewController.xib */,
			);
			path = View;
			sourceTree = "<group>";
		};
		C3E9FB6929EDB30F00726896 /* Model */ = {
			isa = PBXGroup;
			children = (
				C3E9FB7229EDB35100726896 /* ExtractListModel.swift */,
			);
			path = Model;
			sourceTree = "<group>";
		};
		C3E9FB6A29EDB31400726896 /* ViewModel */ = {
			isa = PBXGroup;
			children = (
				C3E9FB6F29EDB33C00726896 /* ExtractListViewModel.swift */,
			);
			path = ViewModel;
			sourceTree = "<group>";
		};
		C3E9FB7429EDB39300726896 /* List */ = {
			isa = PBXGroup;
			children = (
				C3E9FB7629EDB60D00726896 /* Service */,
				C3E9FB6A29EDB31400726896 /* ViewModel */,
				C3E9FB6929EDB30F00726896 /* Model */,
				C3E9FB6829EDB30800726896 /* View */,
				C3E9FB6529EDB28D00726896 /* Coordinator */,
			);
			path = List;
			sourceTree = "<group>";
		};
		C3E9FB7529EDB3E500726896 /* Cell */ = {
			isa = PBXGroup;
			children = (
				C3B402D328E0F9E0000A56C9 /* TransactionTableViewCell.swift */,
				C3B402D428E0F9E0000A56C9 /* TransactionTableViewCell.xib */,
			);
			path = Cell;
			sourceTree = "<group>";
		};
		C3E9FB7629EDB60D00726896 /* Service */ = {
			isa = PBXGroup;
			children = (
				C3E9FB7729EDB61400726896 /* ExtractAPI.swift */,
				C3E9FB7929EDB61B00726896 /* ExtractService.swift */,
			);
			path = Service;
			sourceTree = "<group>";
		};
		C3E9FB7B29EDC42800726896 /* Cell */ = {
			isa = PBXGroup;
			children = (
				C3E9FB7C29EDC43D00726896 /* HomeCollectionCell.swift */,
				C3E9FB7D29EDC43D00726896 /* HomeCollectionCell.xib */,
			);
			path = Cell;
			sourceTree = "<group>";
		};
		F6755EBD29F0685100757F02 /* Cell */ = {
			isa = PBXGroup;
			children = (
				F6755EBE29F0686200757F02 /* ProfileMenuCell.swift */,
				F6755EBF29F0686200757F02 /* ProfileMenuCell.xib */,
			);
			path = Cell;
			sourceTree = "<group>";
		};
		F687E4F029F44D2D008F207F /* Transfer */ = {
			isa = PBXGroup;
			children = (
				F687E50129F4B576008F207F /* Coordinator */,
				F687E4F329F44D3D008F207F /* Model */,
				F687E4F229F44D37008F207F /* ViewModel */,
				F687E4F129F44D33008F207F /* View */,
			);
			path = Transfer;
			sourceTree = "<group>";
		};
		F687E4F129F44D33008F207F /* View */ = {
			isa = PBXGroup;
			children = (
				F687E50429F4BD52008F207F /* Header */,
				F687E4FC29F4B3A2008F207F /* Cell */,
				F687E4F429F44D59008F207F /* TransferViewController.swift */,
				F687E4F529F44D59008F207F /* TransferViewController.xib */,
			);
			path = View;
			sourceTree = "<group>";
		};
		F687E4F229F44D37008F207F /* ViewModel */ = {
			isa = PBXGroup;
			children = (
				F687E4F829F44D6B008F207F /* TransferViewModel.swift */,
			);
			path = ViewModel;
			sourceTree = "<group>";
		};
		F687E4F329F44D3D008F207F /* Model */ = {
			isa = PBXGroup;
			children = (
				F687E4FA29F45280008F207F /* TransferModel.swift */,
			);
			path = Model;
			sourceTree = "<group>";
		};
		F687E4FC29F4B3A2008F207F /* Cell */ = {
			isa = PBXGroup;
			children = (
				F687E50929F4C074008F207F /* Collection */,
				F687E4FD29F4B3C3008F207F /* TransferFavoriteOptionCell.swift */,
				F687E4FE29F4B3C3008F207F /* TransferFavoriteOptionCell.xib */,
				F687E50529F4C028008F207F /* TransferRecentOptionCell.swift */,
				F687E50629F4C028008F207F /* TransferRecentOptionCell.xib */,
			);
			path = Cell;
			sourceTree = "<group>";
		};
		F687E50129F4B576008F207F /* Coordinator */ = {
			isa = PBXGroup;
			children = (
				F687E50229F4B580008F207F /* TransferCoordinator.swift */,
			);
			path = Coordinator;
			sourceTree = "<group>";
		};
		F687E50429F4BD52008F207F /* Header */ = {
			isa = PBXGroup;
			children = (
			);
			path = Header;
			sourceTree = "<group>";
		};
		F687E50929F4C074008F207F /* Collection */ = {
			isa = PBXGroup;
			children = (
				F687E50A29F4C093008F207F /* TransferRecentCollectionCell.swift */,
				F687E50B29F4C093008F207F /* TransferRecentCollectionCell.xib */,
			);
			path = Collection;
			sourceTree = "<group>";
		};
		F6BCC6FD29EB19A1006B35C5 /* Tab */ = {
			isa = PBXGroup;
			children = (
				F6BCC6FE29EB19A5006B35C5 /* Coordinator */,
			);
			path = Tab;
			sourceTree = "<group>";
		};
		F6BCC6FE29EB19A5006B35C5 /* Coordinator */ = {
			isa = PBXGroup;
			children = (
				F6BCC6FF29EB19B0006B35C5 /* HomeTabBarCoordinator.swift */,
			);
			path = Coordinator;
			sourceTree = "<group>";
		};
		F6BCC70129EB1CCF006B35C5 /* Extensions */ = {
			isa = PBXGroup;
			children = (
				F6BCC70229EB1CDE006B35C5 /* Transition+Extensions.swift */,
			);
			path = Extensions;
			sourceTree = "<group>";
		};
		F6BCC70629EB28EB006B35C5 /* Coordinator */ = {
			isa = PBXGroup;
			children = (
				F6BCC70429EB1FF6006B35C5 /* ProfileCoordinator.swift */,
			);
			path = Coordinator;
			sourceTree = "<group>";
		};
/* End PBXGroup section */

/* Begin PBXNativeTarget section */
		C39CE39528DE483800E9F2D9 /* Nerdbank */ = {
			isa = PBXNativeTarget;
			buildConfigurationList = C39CE3C028DE483A00E9F2D9 /* Build configuration list for PBXNativeTarget "Nerdbank" */;
			buildPhases = (
				C39CE39228DE483800E9F2D9 /* Sources */,
				C39CE39328DE483800E9F2D9 /* Frameworks */,
				C39CE39428DE483800E9F2D9 /* Resources */,
			);
			buildRules = (
			);
			dependencies = (
			);
			name = Nerdbank;
			packageProductDependencies = (
				C362A63D28DE66DB00889CF7 /* XCoordinator */,
				C3DA970828DFEE7800234FA3 /* KeychainSwift */,
				C39CFA8C28E20638008E17DC /* SkeletonView */,
				F6BF4C01299728EE00B5A834 /* VFNetwork */,
				F6755EC329F07C4200757F02 /* Toast */,
			);
			productName = Nerdbank;
			productReference = C39CE39628DE483800E9F2D9 /* Nerdbank.app */;
			productType = "com.apple.product-type.application";
		};
		C39CE3AB28DE483A00E9F2D9 /* NerdbankTests */ = {
			isa = PBXNativeTarget;
			buildConfigurationList = C39CE3C328DE483A00E9F2D9 /* Build configuration list for PBXNativeTarget "NerdbankTests" */;
			buildPhases = (
				C39CE3A828DE483A00E9F2D9 /* Sources */,
				C39CE3A928DE483A00E9F2D9 /* Frameworks */,
				C39CE3AA28DE483A00E9F2D9 /* Resources */,
			);
			buildRules = (
			);
			dependencies = (
				C39CE3AE28DE483A00E9F2D9 /* PBXTargetDependency */,
			);
			name = NerdbankTests;
			productName = NerdbankTests;
			productReference = C39CE3AC28DE483A00E9F2D9 /* NerdbankTests.xctest */;
			productType = "com.apple.product-type.bundle.unit-test";
		};
		C39CE3B528DE483A00E9F2D9 /* NerdbankUITests */ = {
			isa = PBXNativeTarget;
			buildConfigurationList = C39CE3C628DE483A00E9F2D9 /* Build configuration list for PBXNativeTarget "NerdbankUITests" */;
			buildPhases = (
				C39CE3B228DE483A00E9F2D9 /* Sources */,
				C39CE3B328DE483A00E9F2D9 /* Frameworks */,
				C39CE3B428DE483A00E9F2D9 /* Resources */,
			);
			buildRules = (
			);
			dependencies = (
				C39CE3B828DE483A00E9F2D9 /* PBXTargetDependency */,
			);
			name = NerdbankUITests;
			productName = NerdbankUITests;
			productReference = C39CE3B628DE483A00E9F2D9 /* NerdbankUITests.xctest */;
			productType = "com.apple.product-type.bundle.ui-testing";
		};
/* End PBXNativeTarget section */

/* Begin PBXProject section */
		C39CE38E28DE483800E9F2D9 /* Project object */ = {
			isa = PBXProject;
			attributes = {
				BuildIndependentTargetsInParallel = 1;
				LastSwiftUpdateCheck = 1400;
				LastUpgradeCheck = 1400;
				TargetAttributes = {
					C39CE39528DE483800E9F2D9 = {
						CreatedOnToolsVersion = 14.0;
					};
					C39CE3AB28DE483A00E9F2D9 = {
						CreatedOnToolsVersion = 14.0;
						TestTargetID = C39CE39528DE483800E9F2D9;
					};
					C39CE3B528DE483A00E9F2D9 = {
						CreatedOnToolsVersion = 14.0;
						TestTargetID = C39CE39528DE483800E9F2D9;
					};
				};
			};
			buildConfigurationList = C39CE39128DE483800E9F2D9 /* Build configuration list for PBXProject "Nerdbank" */;
			compatibilityVersion = "Xcode 14.0";
			developmentRegion = en;
			hasScannedForEncodings = 0;
			knownRegions = (
				en,
				Base,
			);
			mainGroup = C39CE38D28DE483800E9F2D9;
			packageReferences = (
				C362A63C28DE66DB00889CF7 /* XCRemoteSwiftPackageReference "XCoordinator" */,
				C3DA970728DFEE7800234FA3 /* XCRemoteSwiftPackageReference "keychain-swift" */,
				C39CFA8B28E20638008E17DC /* XCRemoteSwiftPackageReference "SkeletonView" */,
				F6BF4C00299728EE00B5A834 /* XCRemoteSwiftPackageReference "VFNetwork" */,
				F6755EC229F07C4200757F02 /* XCRemoteSwiftPackageReference "Toast-Swift" */,
			);
			productRefGroup = C39CE39728DE483800E9F2D9 /* Products */;
			projectDirPath = "";
			projectRoot = "";
			targets = (
				C39CE39528DE483800E9F2D9 /* Nerdbank */,
				C39CE3AB28DE483A00E9F2D9 /* NerdbankTests */,
				C39CE3B528DE483A00E9F2D9 /* NerdbankUITests */,
			);
		};
/* End PBXProject section */

/* Begin PBXResourcesBuildPhase section */
		C39CE39428DE483800E9F2D9 /* Resources */ = {
			isa = PBXResourcesBuildPhase;
			buildActionMask = 2147483647;
			files = (
				C3DEE3092915A2DE00D84794 /* ProfileViewController.xib in Resources */,
				F687E50029F4B3C3008F207F /* TransferFavoriteOptionCell.xib in Resources */,
				C3E9FB7F29EDC43D00726896 /* HomeCollectionCell.xib in Resources */,
				C39CE3A628DE483A00E9F2D9 /* LaunchScreen.storyboard in Resources */,
				C362A64928DE6AF200889CF7 /* WelcomeViewController.xib in Resources */,
				F687E50829F4C028008F207F /* TransferRecentOptionCell.xib in Resources */,
				F687E50D29F4C093008F207F /* TransferRecentCollectionCell.xib in Resources */,
				C3B402CC28E0EE6E000A56C9 /* HomeViewController.xib in Resources */,
				C3E9FB6E29EDB32C00726896 /* ExtractListViewController.xib in Resources */,
				C39CE3A328DE483A00E9F2D9 /* Assets.xcassets in Resources */,
				F687E4F729F44D59008F207F /* TransferViewController.xib in Resources */,
				C3B402D628E0F9E0000A56C9 /* TransactionTableViewCell.xib in Resources */,
				F6755EC129F0686200757F02 /* ProfileMenuCell.xib in Resources */,
				C39CE3D328DE491900E9F2D9 /* LoginViewController.xib in Resources */,
			);
			runOnlyForDeploymentPostprocessing = 0;
		};
		C39CE3AA28DE483A00E9F2D9 /* Resources */ = {
			isa = PBXResourcesBuildPhase;
			buildActionMask = 2147483647;
			files = (
			);
			runOnlyForDeploymentPostprocessing = 0;
		};
		C39CE3B428DE483A00E9F2D9 /* Resources */ = {
			isa = PBXResourcesBuildPhase;
			buildActionMask = 2147483647;
			files = (
			);
			runOnlyForDeploymentPostprocessing = 0;
		};
/* End PBXResourcesBuildPhase section */

/* Begin PBXSourcesBuildPhase section */
		C39CE39228DE483800E9F2D9 /* Sources */ = {
			isa = PBXSourcesBuildPhase;
			buildActionMask = 2147483647;
			files = (
				C3E9FB7E29EDC43D00726896 /* HomeCollectionCell.swift in Sources */,
				C3E9FB6D29EDB32C00726896 /* ExtractListViewController.swift in Sources */,
				C39CE3DC28DE4BB200E9F2D9 /* LoginModel.swift in Sources */,
				C3B402D528E0F9E0000A56C9 /* TransactionTableViewCell.swift in Sources */,
				C3E9FB7A29EDB61B00726896 /* ExtractService.swift in Sources */,
				C3DD866D29462C5200BADBFC /* RotationAnimation.swift in Sources */,
				C3E9FB7829EDB61400726896 /* ExtractAPI.swift in Sources */,
				F687E50729F4C028008F207F /* TransferRecentOptionCell.swift in Sources */,
				C362A64828DE6AF200889CF7 /* WelcomeViewController.swift in Sources */,
				C3B402C528E0A0D6000A56C9 /* Keychain.swift in Sources */,
				C3E9FB7329EDB35100726896 /* ExtractListModel.swift in Sources */,
				C3DD8667294628B700BADBFC /* ProgressView.swift in Sources */,
				C3DD867229462DB300BADBFC /* BaseViewController.swift in Sources */,
				C3E9FB7029EDB33C00726896 /* ExtractListViewModel.swift in Sources */,
				C3031BDC28E13D8400034765 /* BalanceModel.swift in Sources */,
				F687E50C29F4C093008F207F /* TransferRecentCollectionCell.swift in Sources */,
				C3DEE3082915A2DE00D84794 /* ProfileViewController.swift in Sources */,
				F6BCC70529EB1FF6006B35C5 /* ProfileCoordinator.swift in Sources */,
				C39CE3D528DE492200E9F2D9 /* LoginViewModel.swift in Sources */,
				F6BCC70329EB1CDE006B35C5 /* Transition+Extensions.swift in Sources */,
				F6918E3D29E3971A00808966 /* UIColor+Extensions.swift in Sources */,
				C39CE3D228DE491900E9F2D9 /* LoginViewController.swift in Sources */,
				F687E4FB29F45280008F207F /* TransferModel.swift in Sources */,
				C3B402CB28E0EE6E000A56C9 /* HomeViewController.swift in Sources */,
				F6BCC70029EB19B0006B35C5 /* HomeTabBarCoordinator.swift in Sources */,
				C3031BD928E13C9D00034765 /* HomeAPI.swift in Sources */,
				C3DD86692946292400BADBFC /* ProgressShapeLayer.swift in Sources */,
				C3031BD728E13C9700034765 /* HomeService.swift in Sources */,
				C39CE39A28DE483800E9F2D9 /* AppDelegate.swift in Sources */,
				C3DEE3122915AB3200D84794 /* ProfileService.swift in Sources */,
				C39CE3DE28DE4BC300E9F2D9 /* LoginAPI.swift in Sources */,
				F687E4FF29F4B3C3008F207F /* TransferFavoriteOptionCell.swift in Sources */,
				F6755EC029F0686200757F02 /* ProfileMenuCell.swift in Sources */,
				C3DEE30B2915A2F100D84794 /* ProfileViewModel.swift in Sources */,
				C362A64B28DE6AFB00889CF7 /* WelcomeViewModel.swift in Sources */,
				C3DD866F29462D1300BADBFC /* StrokeColorAnimation.swift in Sources */,
				C39CE3E428DE540F00E9F2D9 /* NBTextField.swift in Sources */,
				F687E4F629F44D59008F207F /* TransferViewController.swift in Sources */,
				C362A64128DE681F00889CF7 /* LoginCoordinator.swift in Sources */,
				F687E50329F4B580008F207F /* TransferCoordinator.swift in Sources */,
				C3031BD428E13B7800034765 /* UIView+Extensions.swift in Sources */,
				C39CE39C28DE483800E9F2D9 /* SceneDelegate.swift in Sources */,
				C3DD866B29462A7000BADBFC /* StrokeAnimation.swift in Sources */,
				C39CE3E028DE4BC900E9F2D9 /* LoginService.swift in Sources */,
				F687E4F929F44D6B008F207F /* TransferViewModel.swift in Sources */,
				C3DEE30D2915A30100D84794 /* ProfileModel.swift in Sources */,
				C3B402D128E0EE93000A56C9 /* HomeCoordinator.swift in Sources */,
				C3B402CE28E0EE7A000A56C9 /* HomeViewModel.swift in Sources */,
				C362A64D28DE6B0400889CF7 /* WelcomeCoordinator.swift in Sources */,
				C3031BE028E140B200034765 /* HomeModel.swift in Sources */,
				C3E9FB6729EDB2BE00726896 /* ExtractListCoordinator.swift in Sources */,
				C3DEE3102915AB2C00D84794 /* ProfileAPI.swift in Sources */,
			);
			runOnlyForDeploymentPostprocessing = 0;
		};
		C39CE3A828DE483A00E9F2D9 /* Sources */ = {
			isa = PBXSourcesBuildPhase;
			buildActionMask = 2147483647;
			files = (
				C39CE3B128DE483A00E9F2D9 /* NerdbankTests.swift in Sources */,
			);
			runOnlyForDeploymentPostprocessing = 0;
		};
		C39CE3B228DE483A00E9F2D9 /* Sources */ = {
			isa = PBXSourcesBuildPhase;
			buildActionMask = 2147483647;
			files = (
				C39CE3BD28DE483A00E9F2D9 /* NerdbankUITestsLaunchTests.swift in Sources */,
				C39CE3BB28DE483A00E9F2D9 /* NerdbankUITests.swift in Sources */,
			);
			runOnlyForDeploymentPostprocessing = 0;
		};
/* End PBXSourcesBuildPhase section */

/* Begin PBXTargetDependency section */
		C39CE3AE28DE483A00E9F2D9 /* PBXTargetDependency */ = {
			isa = PBXTargetDependency;
			target = C39CE39528DE483800E9F2D9 /* Nerdbank */;
			targetProxy = C39CE3AD28DE483A00E9F2D9 /* PBXContainerItemProxy */;
		};
		C39CE3B828DE483A00E9F2D9 /* PBXTargetDependency */ = {
			isa = PBXTargetDependency;
			target = C39CE39528DE483800E9F2D9 /* Nerdbank */;
			targetProxy = C39CE3B728DE483A00E9F2D9 /* PBXContainerItemProxy */;
		};
/* End PBXTargetDependency section */

/* Begin PBXVariantGroup section */
		C39CE3A428DE483A00E9F2D9 /* LaunchScreen.storyboard */ = {
			isa = PBXVariantGroup;
			children = (
				C39CE3A528DE483A00E9F2D9 /* Base */,
			);
			name = LaunchScreen.storyboard;
			sourceTree = "<group>";
		};
/* End PBXVariantGroup section */

/* Begin XCBuildConfiguration section */
		C39CE3BE28DE483A00E9F2D9 /* Debug */ = {
			isa = XCBuildConfiguration;
			buildSettings = {
				ALWAYS_SEARCH_USER_PATHS = NO;
				CLANG_ANALYZER_NONNULL = YES;
				CLANG_ANALYZER_NUMBER_OBJECT_CONVERSION = YES_AGGRESSIVE;
				CLANG_CXX_LANGUAGE_STANDARD = "gnu++20";
				CLANG_ENABLE_MODULES = YES;
				CLANG_ENABLE_OBJC_ARC = YES;
				CLANG_ENABLE_OBJC_WEAK = YES;
				CLANG_WARN_BLOCK_CAPTURE_AUTORELEASING = YES;
				CLANG_WARN_BOOL_CONVERSION = YES;
				CLANG_WARN_COMMA = YES;
				CLANG_WARN_CONSTANT_CONVERSION = YES;
				CLANG_WARN_DEPRECATED_OBJC_IMPLEMENTATIONS = YES;
				CLANG_WARN_DIRECT_OBJC_ISA_USAGE = YES_ERROR;
				CLANG_WARN_DOCUMENTATION_COMMENTS = YES;
				CLANG_WARN_EMPTY_BODY = YES;
				CLANG_WARN_ENUM_CONVERSION = YES;
				CLANG_WARN_INFINITE_RECURSION = YES;
				CLANG_WARN_INT_CONVERSION = YES;
				CLANG_WARN_NON_LITERAL_NULL_CONVERSION = YES;
				CLANG_WARN_OBJC_IMPLICIT_RETAIN_SELF = YES;
				CLANG_WARN_OBJC_LITERAL_CONVERSION = YES;
				CLANG_WARN_OBJC_ROOT_CLASS = YES_ERROR;
				CLANG_WARN_QUOTED_INCLUDE_IN_FRAMEWORK_HEADER = YES;
				CLANG_WARN_RANGE_LOOP_ANALYSIS = YES;
				CLANG_WARN_STRICT_PROTOTYPES = YES;
				CLANG_WARN_SUSPICIOUS_MOVE = YES;
				CLANG_WARN_UNGUARDED_AVAILABILITY = YES_AGGRESSIVE;
				CLANG_WARN_UNREACHABLE_CODE = YES;
				CLANG_WARN__DUPLICATE_METHOD_MATCH = YES;
				COPY_PHASE_STRIP = NO;
				DEBUG_INFORMATION_FORMAT = dwarf;
				ENABLE_STRICT_OBJC_MSGSEND = YES;
				ENABLE_TESTABILITY = YES;
				GCC_C_LANGUAGE_STANDARD = gnu11;
				GCC_DYNAMIC_NO_PIC = NO;
				GCC_NO_COMMON_BLOCKS = YES;
				GCC_OPTIMIZATION_LEVEL = 0;
				GCC_PREPROCESSOR_DEFINITIONS = (
					"DEBUG=1",
					"$(inherited)",
				);
				GCC_WARN_64_TO_32_BIT_CONVERSION = YES;
				GCC_WARN_ABOUT_RETURN_TYPE = YES_ERROR;
				GCC_WARN_UNDECLARED_SELECTOR = YES;
				GCC_WARN_UNINITIALIZED_AUTOS = YES_AGGRESSIVE;
				GCC_WARN_UNUSED_FUNCTION = YES;
				GCC_WARN_UNUSED_VARIABLE = YES;
				IPHONEOS_DEPLOYMENT_TARGET = 13.0;
				MTL_ENABLE_DEBUG_INFO = INCLUDE_SOURCE;
				MTL_FAST_MATH = YES;
				ONLY_ACTIVE_ARCH = YES;
				SDKROOT = iphoneos;
				SWIFT_ACTIVE_COMPILATION_CONDITIONS = DEBUG;
				SWIFT_OPTIMIZATION_LEVEL = "-Onone";
			};
			name = Debug;
		};
		C39CE3BF28DE483A00E9F2D9 /* Release */ = {
			isa = XCBuildConfiguration;
			buildSettings = {
				ALWAYS_SEARCH_USER_PATHS = NO;
				CLANG_ANALYZER_NONNULL = YES;
				CLANG_ANALYZER_NUMBER_OBJECT_CONVERSION = YES_AGGRESSIVE;
				CLANG_CXX_LANGUAGE_STANDARD = "gnu++20";
				CLANG_ENABLE_MODULES = YES;
				CLANG_ENABLE_OBJC_ARC = YES;
				CLANG_ENABLE_OBJC_WEAK = YES;
				CLANG_WARN_BLOCK_CAPTURE_AUTORELEASING = YES;
				CLANG_WARN_BOOL_CONVERSION = YES;
				CLANG_WARN_COMMA = YES;
				CLANG_WARN_CONSTANT_CONVERSION = YES;
				CLANG_WARN_DEPRECATED_OBJC_IMPLEMENTATIONS = YES;
				CLANG_WARN_DIRECT_OBJC_ISA_USAGE = YES_ERROR;
				CLANG_WARN_DOCUMENTATION_COMMENTS = YES;
				CLANG_WARN_EMPTY_BODY = YES;
				CLANG_WARN_ENUM_CONVERSION = YES;
				CLANG_WARN_INFINITE_RECURSION = YES;
				CLANG_WARN_INT_CONVERSION = YES;
				CLANG_WARN_NON_LITERAL_NULL_CONVERSION = YES;
				CLANG_WARN_OBJC_IMPLICIT_RETAIN_SELF = YES;
				CLANG_WARN_OBJC_LITERAL_CONVERSION = YES;
				CLANG_WARN_OBJC_ROOT_CLASS = YES_ERROR;
				CLANG_WARN_QUOTED_INCLUDE_IN_FRAMEWORK_HEADER = YES;
				CLANG_WARN_RANGE_LOOP_ANALYSIS = YES;
				CLANG_WARN_STRICT_PROTOTYPES = YES;
				CLANG_WARN_SUSPICIOUS_MOVE = YES;
				CLANG_WARN_UNGUARDED_AVAILABILITY = YES_AGGRESSIVE;
				CLANG_WARN_UNREACHABLE_CODE = YES;
				CLANG_WARN__DUPLICATE_METHOD_MATCH = YES;
				COPY_PHASE_STRIP = NO;
				DEBUG_INFORMATION_FORMAT = "dwarf-with-dsym";
				ENABLE_NS_ASSERTIONS = NO;
				ENABLE_STRICT_OBJC_MSGSEND = YES;
				GCC_C_LANGUAGE_STANDARD = gnu11;
				GCC_NO_COMMON_BLOCKS = YES;
				GCC_WARN_64_TO_32_BIT_CONVERSION = YES;
				GCC_WARN_ABOUT_RETURN_TYPE = YES_ERROR;
				GCC_WARN_UNDECLARED_SELECTOR = YES;
				GCC_WARN_UNINITIALIZED_AUTOS = YES_AGGRESSIVE;
				GCC_WARN_UNUSED_FUNCTION = YES;
				GCC_WARN_UNUSED_VARIABLE = YES;
				IPHONEOS_DEPLOYMENT_TARGET = 13.0;
				MTL_ENABLE_DEBUG_INFO = NO;
				MTL_FAST_MATH = YES;
				SDKROOT = iphoneos;
				SWIFT_COMPILATION_MODE = wholemodule;
				SWIFT_OPTIMIZATION_LEVEL = "-O";
				VALIDATE_PRODUCT = YES;
			};
			name = Release;
		};
		C39CE3C128DE483A00E9F2D9 /* Debug */ = {
			isa = XCBuildConfiguration;
			buildSettings = {
				ASSETCATALOG_COMPILER_APPICON_NAME = AppIcon;
				ASSETCATALOG_COMPILER_GLOBAL_ACCENT_COLOR_NAME = AccentColor;
				CODE_SIGN_STYLE = Automatic;
				CURRENT_PROJECT_VERSION = 1;
				DEVELOPMENT_TEAM = 7LK568K8AX;
				GENERATE_INFOPLIST_FILE = YES;
				INFOPLIST_FILE = Nerdbank/SupportingFiles/Info.plist;
				INFOPLIST_KEY_UIApplicationSupportsIndirectInputEvents = YES;
				INFOPLIST_KEY_UILaunchStoryboardName = LaunchScreen;
				INFOPLIST_KEY_UIMainStoryboardFile = "";
				INFOPLIST_KEY_UIStatusBarStyle = UIStatusBarStyleDarkContent;
				INFOPLIST_KEY_UISupportedInterfaceOrientations = UIInterfaceOrientationPortrait;
				IPHONEOS_DEPLOYMENT_TARGET = 13.0;
				LD_RUNPATH_SEARCH_PATHS = (
					"$(inherited)",
					"@executable_path/Frameworks",
				);
				MARKETING_VERSION = 1.0;
				PRODUCT_BUNDLE_IDENTIFIER = com.br.Nerdbank;
				PRODUCT_NAME = "$(TARGET_NAME)";
				SUPPORTED_PLATFORMS = "iphoneos iphonesimulator";
				SUPPORTS_MACCATALYST = NO;
				SUPPORTS_MAC_DESIGNED_FOR_IPHONE_IPAD = NO;
				SWIFT_EMIT_LOC_STRINGS = YES;
				SWIFT_VERSION = 5.0;
				TARGETED_DEVICE_FAMILY = 1;
			};
			name = Debug;
		};
		C39CE3C228DE483A00E9F2D9 /* Release */ = {
			isa = XCBuildConfiguration;
			buildSettings = {
				ASSETCATALOG_COMPILER_APPICON_NAME = AppIcon;
				ASSETCATALOG_COMPILER_GLOBAL_ACCENT_COLOR_NAME = AccentColor;
				CODE_SIGN_STYLE = Automatic;
				CURRENT_PROJECT_VERSION = 1;
				DEVELOPMENT_TEAM = 7LK568K8AX;
				GENERATE_INFOPLIST_FILE = YES;
				INFOPLIST_FILE = Nerdbank/SupportingFiles/Info.plist;
				INFOPLIST_KEY_UIApplicationSupportsIndirectInputEvents = YES;
				INFOPLIST_KEY_UILaunchStoryboardName = LaunchScreen;
				INFOPLIST_KEY_UIMainStoryboardFile = "";
				INFOPLIST_KEY_UIStatusBarStyle = UIStatusBarStyleDarkContent;
				INFOPLIST_KEY_UISupportedInterfaceOrientations = UIInterfaceOrientationPortrait;
				IPHONEOS_DEPLOYMENT_TARGET = 13.0;
				LD_RUNPATH_SEARCH_PATHS = (
					"$(inherited)",
					"@executable_path/Frameworks",
				);
				MARKETING_VERSION = 1.0;
				PRODUCT_BUNDLE_IDENTIFIER = com.br.Nerdbank;
				PRODUCT_NAME = "$(TARGET_NAME)";
				SUPPORTED_PLATFORMS = "iphoneos iphonesimulator";
				SUPPORTS_MACCATALYST = NO;
				SUPPORTS_MAC_DESIGNED_FOR_IPHONE_IPAD = NO;
				SWIFT_EMIT_LOC_STRINGS = YES;
				SWIFT_VERSION = 5.0;
				TARGETED_DEVICE_FAMILY = 1;
			};
			name = Release;
		};
		C39CE3C428DE483A00E9F2D9 /* Debug */ = {
			isa = XCBuildConfiguration;
			buildSettings = {
				ALWAYS_EMBED_SWIFT_STANDARD_LIBRARIES = YES;
				BUNDLE_LOADER = "$(TEST_HOST)";
				CODE_SIGN_STYLE = Automatic;
				CURRENT_PROJECT_VERSION = 1;
				GENERATE_INFOPLIST_FILE = YES;
				IPHONEOS_DEPLOYMENT_TARGET = 16.0;
				MARKETING_VERSION = 1.0;
				PRODUCT_BUNDLE_IDENTIFIER = com.br.NerdbankTests;
				PRODUCT_NAME = "$(TARGET_NAME)";
				SWIFT_EMIT_LOC_STRINGS = NO;
				SWIFT_VERSION = 5.0;
				TARGETED_DEVICE_FAMILY = "1,2";
				TEST_HOST = "$(BUILT_PRODUCTS_DIR)/Nerdbank.app/$(BUNDLE_EXECUTABLE_FOLDER_PATH)/Nerdbank";
			};
			name = Debug;
		};
		C39CE3C528DE483A00E9F2D9 /* Release */ = {
			isa = XCBuildConfiguration;
			buildSettings = {
				ALWAYS_EMBED_SWIFT_STANDARD_LIBRARIES = YES;
				BUNDLE_LOADER = "$(TEST_HOST)";
				CODE_SIGN_STYLE = Automatic;
				CURRENT_PROJECT_VERSION = 1;
				GENERATE_INFOPLIST_FILE = YES;
				IPHONEOS_DEPLOYMENT_TARGET = 16.0;
				MARKETING_VERSION = 1.0;
				PRODUCT_BUNDLE_IDENTIFIER = com.br.NerdbankTests;
				PRODUCT_NAME = "$(TARGET_NAME)";
				SWIFT_EMIT_LOC_STRINGS = NO;
				SWIFT_VERSION = 5.0;
				TARGETED_DEVICE_FAMILY = "1,2";
				TEST_HOST = "$(BUILT_PRODUCTS_DIR)/Nerdbank.app/$(BUNDLE_EXECUTABLE_FOLDER_PATH)/Nerdbank";
			};
			name = Release;
		};
		C39CE3C728DE483A00E9F2D9 /* Debug */ = {
			isa = XCBuildConfiguration;
			buildSettings = {
				ALWAYS_EMBED_SWIFT_STANDARD_LIBRARIES = YES;
				CODE_SIGN_STYLE = Automatic;
				CURRENT_PROJECT_VERSION = 1;
				GENERATE_INFOPLIST_FILE = YES;
				MARKETING_VERSION = 1.0;
				PRODUCT_BUNDLE_IDENTIFIER = com.br.NerdbankUITests;
				PRODUCT_NAME = "$(TARGET_NAME)";
				SWIFT_EMIT_LOC_STRINGS = NO;
				SWIFT_VERSION = 5.0;
				TARGETED_DEVICE_FAMILY = "1,2";
				TEST_TARGET_NAME = Nerdbank;
			};
			name = Debug;
		};
		C39CE3C828DE483A00E9F2D9 /* Release */ = {
			isa = XCBuildConfiguration;
			buildSettings = {
				ALWAYS_EMBED_SWIFT_STANDARD_LIBRARIES = YES;
				CODE_SIGN_STYLE = Automatic;
				CURRENT_PROJECT_VERSION = 1;
				GENERATE_INFOPLIST_FILE = YES;
				MARKETING_VERSION = 1.0;
				PRODUCT_BUNDLE_IDENTIFIER = com.br.NerdbankUITests;
				PRODUCT_NAME = "$(TARGET_NAME)";
				SWIFT_EMIT_LOC_STRINGS = NO;
				SWIFT_VERSION = 5.0;
				TARGETED_DEVICE_FAMILY = "1,2";
				TEST_TARGET_NAME = Nerdbank;
			};
			name = Release;
		};
/* End XCBuildConfiguration section */

/* Begin XCConfigurationList section */
		C39CE39128DE483800E9F2D9 /* Build configuration list for PBXProject "Nerdbank" */ = {
			isa = XCConfigurationList;
			buildConfigurations = (
				C39CE3BE28DE483A00E9F2D9 /* Debug */,
				C39CE3BF28DE483A00E9F2D9 /* Release */,
			);
			defaultConfigurationIsVisible = 0;
			defaultConfigurationName = Release;
		};
		C39CE3C028DE483A00E9F2D9 /* Build configuration list for PBXNativeTarget "Nerdbank" */ = {
			isa = XCConfigurationList;
			buildConfigurations = (
				C39CE3C128DE483A00E9F2D9 /* Debug */,
				C39CE3C228DE483A00E9F2D9 /* Release */,
			);
			defaultConfigurationIsVisible = 0;
			defaultConfigurationName = Release;
		};
		C39CE3C328DE483A00E9F2D9 /* Build configuration list for PBXNativeTarget "NerdbankTests" */ = {
			isa = XCConfigurationList;
			buildConfigurations = (
				C39CE3C428DE483A00E9F2D9 /* Debug */,
				C39CE3C528DE483A00E9F2D9 /* Release */,
			);
			defaultConfigurationIsVisible = 0;
			defaultConfigurationName = Release;
		};
		C39CE3C628DE483A00E9F2D9 /* Build configuration list for PBXNativeTarget "NerdbankUITests" */ = {
			isa = XCConfigurationList;
			buildConfigurations = (
				C39CE3C728DE483A00E9F2D9 /* Debug */,
				C39CE3C828DE483A00E9F2D9 /* Release */,
			);
			defaultConfigurationIsVisible = 0;
			defaultConfigurationName = Release;
		};
/* End XCConfigurationList section */

/* Begin XCRemoteSwiftPackageReference section */
		C362A63C28DE66DB00889CF7 /* XCRemoteSwiftPackageReference "XCoordinator" */ = {
			isa = XCRemoteSwiftPackageReference;
			repositoryURL = "https://github.com/QuickBirdEng/XCoordinator";
			requirement = {
				kind = upToNextMajorVersion;
				minimumVersion = 2.0.0;
			};
		};
		C39CFA8B28E20638008E17DC /* XCRemoteSwiftPackageReference "SkeletonView" */ = {
			isa = XCRemoteSwiftPackageReference;
			repositoryURL = "https://github.com/Juanpe/SkeletonView";
			requirement = {
				kind = upToNextMajorVersion;
				minimumVersion = 1.0.0;
			};
		};
		C3DA970728DFEE7800234FA3 /* XCRemoteSwiftPackageReference "keychain-swift" */ = {
			isa = XCRemoteSwiftPackageReference;
			repositoryURL = "https://github.com/evgenyneu/keychain-swift.git";
			requirement = {
				kind = exactVersion;
				version = 20.0.0;
			};
		};
		F6755EC229F07C4200757F02 /* XCRemoteSwiftPackageReference "Toast-Swift" */ = {
			isa = XCRemoteSwiftPackageReference;
			repositoryURL = "https://github.com/scalessec/Toast-Swift";
			requirement = {
				kind = upToNextMajorVersion;
				minimumVersion = 5.0.0;
			};
		};
		F6BF4C00299728EE00B5A834 /* XCRemoteSwiftPackageReference "VFNetwork" */ = {
			isa = XCRemoteSwiftPackageReference;
			repositoryURL = "https://github.com/vafreitas/VFNetwork";
			requirement = {
				kind = upToNextMajorVersion;
				minimumVersion = 1.0.0;
			};
		};
/* End XCRemoteSwiftPackageReference section */

/* Begin XCSwiftPackageProductDependency section */
		C362A63D28DE66DB00889CF7 /* XCoordinator */ = {
			isa = XCSwiftPackageProductDependency;
			package = C362A63C28DE66DB00889CF7 /* XCRemoteSwiftPackageReference "XCoordinator" */;
			productName = XCoordinator;
		};
		C39CFA8C28E20638008E17DC /* SkeletonView */ = {
			isa = XCSwiftPackageProductDependency;
			package = C39CFA8B28E20638008E17DC /* XCRemoteSwiftPackageReference "SkeletonView" */;
			productName = SkeletonView;
		};
		C3DA970828DFEE7800234FA3 /* KeychainSwift */ = {
			isa = XCSwiftPackageProductDependency;
			package = C3DA970728DFEE7800234FA3 /* XCRemoteSwiftPackageReference "keychain-swift" */;
			productName = KeychainSwift;
		};
		F6755EC329F07C4200757F02 /* Toast */ = {
			isa = XCSwiftPackageProductDependency;
			package = F6755EC229F07C4200757F02 /* XCRemoteSwiftPackageReference "Toast-Swift" */;
			productName = Toast;
		};
		F6BF4C01299728EE00B5A834 /* VFNetwork */ = {
			isa = XCSwiftPackageProductDependency;
			package = F6BF4C00299728EE00B5A834 /* XCRemoteSwiftPackageReference "VFNetwork" */;
			productName = VFNetwork;
		};
/* End XCSwiftPackageProductDependency section */
	};
	rootObject = C39CE38E28DE483800E9F2D9 /* Project object */;
}
